{
  "name": "polyglot",
  "version": "0.0.1",
  "lockfileVersion": 1,
  "requires": true,
  "dependencies": {
    "hyperapp": {
      "version": "2.0.0-beta.10",
      "resolved": "https://registry.npmjs.org/hyperapp/-/hyperapp-2.0.0-beta.10.tgz",
      "integrity": "sha512-GjHGks4FA9GMdvlKoLH40MCXf7Zla4wWg/y+oLMK76786TyvnT0GVtl1q8v0sHqYwPysQyl0IDmYUgZ/WHEJkA=="
    }
  }
}
